
Microsoft Visual Studio Solution File, Format Version 12.00
# Visual Studio Version 17
VisualStudioVersion = 17.1.32328.378
MinimumVisualStudioVersion = 10.0.40219.1
Project("{9A19103F-16F7-4668-BE54-9A1E7A4F7556}") = "Demo.Dapr.PubSub.Publisher", "Demo.Dapr.PubSub.Publisher\Demo.Dapr.PubSub.Publisher.csproj", "{940E6FEF-7A98-4B1C-9494-30AD277372F0}"
EndProject
Project("{FAE04EC0-301F-11D3-BF4B-00C04F79EFBC}") = "Demo.Dapr.PubSub.Subscriber", "Demo.Dapr.PubSub.Subscriber\Demo.Dapr.PubSub.Subscriber.csproj", "{1E7F99C8-B02E-4EA4-8BAD-0CF11183B6CE}"
EndProject
Global
	GlobalSection(SolutionConfigurationPlatforms) = preSolution
		Debug|Any CPU = Debug|Any CPU
		Release|Any CPU = Release|Any CPU
	EndGlobalSection
	GlobalSection(ProjectConfigurationPlatforms) = postSolution
		{940E6FEF-7A98-4B1C-9494-30AD277372F0}.Debug|Any CPU.ActiveCfg = Debug|Any CPU
		{940E6FEF-7A98-4B1C-9494-30AD277372F0}.Debug|Any CPU.Build.0 = Debug|Any CPU
		{940E6FEF-7A98-4B1C-9494-30AD277372F0}.Release|Any CPU.ActiveCfg = Release|Any CPU
		{940E6FEF-7A98-4B1C-9494-30AD277372F0}.Release|Any CPU.Build.0 = Release|Any CPU
		{1E7F99C8-B02E-4EA4-8BAD-0CF11183B6CE}.Debug|Any CPU.ActiveCfg = Debug|Any CPU
		{1E7F99C8-B02E-4EA4-8BAD-0CF11183B6CE}.Debug|Any CPU.Build.0 = Debug|Any CPU
		{1E7F99C8-B02E-4EA4-8BAD-0CF11183B6CE}.Release|Any CPU.ActiveCfg = Release|Any CPU
		{1E7F99C8-B02E-4EA4-8BAD-0CF11183B6CE}.Release|Any CPU.Build.0 = Release|Any CPU
	EndGlobalSection
	GlobalSection(SolutionProperties) = preSolution
		HideSolutionNode = FALSE
	EndGlobalSection
	GlobalSection(ExtensibilityGlobals) = postSolution
		SolutionGuid = {5FF71020-5D13-4545-A77C-869DE0A81C59}
	EndGlobalSection
EndGlobal
